// !$*UTF8*$!
{
	archiveVersion = 1;
	classes = {
	};
	objectVersion = 55;
	objects = {

/* Begin PBXBuildFile section */
		714FBC3428086D2A0015F008 /* AppDelegate.swift in Sources */ = {isa = PBXBuildFile; fileRef = 714FBC3328086D2A0015F008 /* AppDelegate.swift */; };
		714FBC3628086D2A0015F008 /* GameScene.sks in Resources */ = {isa = PBXBuildFile; fileRef = 714FBC3528086D2A0015F008 /* GameScene.sks */; };
		714FBC3A28086D2A0015F008 /* GameScene.swift in Sources */ = {isa = PBXBuildFile; fileRef = 714FBC3928086D2A0015F008 /* GameScene.swift */; };
		714FBC3C28086D2A0015F008 /* GameViewController.swift in Sources */ = {isa = PBXBuildFile; fileRef = 714FBC3B28086D2A0015F008 /* GameViewController.swift */; };
		714FBC3F28086D2A0015F008 /* Main.storyboard in Resources */ = {isa = PBXBuildFile; fileRef = 714FBC3D28086D2A0015F008 /* Main.storyboard */; };
		714FBC4128086D2C0015F008 /* Assets.xcassets in Resources */ = {isa = PBXBuildFile; fileRef = 714FBC4028086D2C0015F008 /* Assets.xcassets */; };
		714FBC4428086D2C0015F008 /* LaunchScreen.storyboard in Resources */ = {isa = PBXBuildFile; fileRef = 714FBC4228086D2C0015F008 /* LaunchScreen.storyboard */; };
		714FBC4C28086D780015F008 /* hitPlayer.sks in Resources */ = {isa = PBXBuildFile; fileRef = 714FBC4A28086D780015F008 /* hitPlayer.sks */; };
		714FBC4D28086D780015F008 /* hitBuilding.sks in Resources */ = {isa = PBXBuildFile; fileRef = 714FBC4B28086D780015F008 /* hitBuilding.sks */; };
		714FBC4F28086DCA0015F008 /* Assets.atlas in Resources */ = {isa = PBXBuildFile; fileRef = 714FBC4E28086DCA0015F008 /* Assets.atlas */; };
		714FBC5128086E490015F008 /* BuildingNode.swift in Sources */ = {isa = PBXBuildFile; fileRef = 714FBC5028086E490015F008 /* BuildingNode.swift */; };
/* End PBXBuildFile section */

/* Begin PBXFileReference section */
		714FBC3028086D2A0015F008 /* Project29_ExplodingMonkeys.app */ = {isa = PBXFileReference; explicitFileType = wrapper.application; includeInIndex = 0; path = Project29_ExplodingMonkeys.app; sourceTree = BUILT_PRODUCTS_DIR; };
		714FBC3328086D2A0015F008 /* AppDelegate.swift */ = {isa = PBXFileReference; lastKnownFileType = sourcecode.swift; path = AppDelegate.swift; sourceTree = "<group>"; };
		714FBC3528086D2A0015F008 /* GameScene.sks */ = {isa = PBXFileReference; lastKnownFileType = file.sks; path = GameScene.sks; sourceTree = "<group>"; };
		714FBC3928086D2A0015F008 /* GameScene.swift */ = {isa = PBXFileReference; lastKnownFileType = sourcecode.swift; path = GameScene.swift; sourceTree = "<group>"; };
		714FBC3B28086D2A0015F008 /* GameViewController.swift */ = {isa = PBXFileReference; lastKnownFileType = sourcecode.swift; path = GameViewController.swift; sourceTree = "<group>"; };
		714FBC3E28086D2A0015F008 /* Base */ = {isa = PBXFileReference; lastKnownFileType = file.storyboard; name = Base; path = Base.lproj/Main.storyboard; sourceTree = "<group>"; };
		714FBC4028086D2C0015F008 /* Assets.xcassets */ = {isa = PBXFileReference; lastKnownFileType = folder.assetcatalog; path = Assets.xcassets; sourceTree = "<group>"; };
		714FBC4328086D2C0015F008 /* Base */ = {isa = PBXFileReference; lastKnownFileType = file.storyboard; name = Base; path = Base.lproj/LaunchScreen.storyboard; sourceTree = "<group>"; };
		714FBC4A28086D780015F008 /* hitPlayer.sks */ = {isa = PBXFileReference; lastKnownFileType = file.sks; path = hitPlayer.sks; sourceTree = "<group>"; };
		714FBC4B28086D780015F008 /* hitBuilding.sks */ = {isa = PBXFileReference; lastKnownFileType = file.sks; path = hitBuilding.sks; sourceTree = "<group>"; };
		714FBC4E28086DCA0015F008 /* Assets.atlas */ = {isa = PBXFileReference; lastKnownFileType = folder.skatlas; path = Assets.atlas; sourceTree = "<group>"; };
		714FBC5028086E490015F008 /* BuildingNode.swift */ = {isa = PBXFileReference; lastKnownFileType = sourcecode.swift; path = BuildingNode.swift; sourceTree = "<group>"; };
/* End PBXFileReference section */

/* Begin PBXFrameworksBuildPhase section */
		714FBC2D28086D2A0015F008 /* Frameworks */ = {
			isa = PBXFrameworksBuildPhase;
			buildActionMask = 2147483647;
			files = (
			);
			runOnlyForDeploymentPostprocessing = 0;
		};
/* End PBXFrameworksBuildPhase section */

/* Begin PBXGroup section */
		714FBC2728086D2A0015F008 = {
			isa = PBXGroup;
			children = (
				714FBC3228086D2A0015F008 /* Project29_ExplodingMonkeys */,
				714FBC3128086D2A0015F008 /* Products */,
			);
			sourceTree = "<group>";
		};
		714FBC3128086D2A0015F008 /* Products */ = {
			isa = PBXGroup;
			children = (
				714FBC3028086D2A0015F008 /* Project29_ExplodingMonkeys.app */,
			);
			name = Products;
			sourceTree = "<group>";
		};
		714FBC3228086D2A0015F008 /* Project29_ExplodingMonkeys */ = {
			isa = PBXGroup;
			children = (
				714FBC3328086D2A0015F008 /* AppDelegate.swift */,
				714FBC3528086D2A0015F008 /* GameScene.sks */,
				714FBC3928086D2A0015F008 /* GameScene.swift */,
				714FBC5028086E490015F008 /* BuildingNode.swift */,
				714FBC3B28086D2A0015F008 /* GameViewController.swift */,
				714FBC3D28086D2A0015F008 /* Main.storyboard */,
				714FBC4028086D2C0015F008 /* Assets.xcassets */,
				714FBC4E28086DCA0015F008 /* Assets.atlas */,
				714FBC4228086D2C0015F008 /* LaunchScreen.storyboard */,
				714FBC4B28086D780015F008 /* hitBuilding.sks */,
				714FBC4A28086D780015F008 /* hitPlayer.sks */,
			);
			path = Project29_ExplodingMonkeys;
			sourceTree = "<group>";
		};
/* End PBXGroup section */

/* Begin PBXNativeTarget section */
		714FBC2F28086D2A0015F008 /* Project29_ExplodingMonkeys */ = {
			isa = PBXNativeTarget;
			buildConfigurationList = 714FBC4728086D2C0015F008 /* Build configuration list for PBXNativeTarget "Project29_ExplodingMonkeys" */;
			buildPhases = (
				714FBC2C28086D2A0015F008 /* Sources */,
				714FBC2D28086D2A0015F008 /* Frameworks */,
				714FBC2E28086D2A0015F008 /* Resources */,
			);
			buildRules = (
			);
			dependencies = (
			);
			name = Project29_ExplodingMonkeys;
			productName = Project29_ExplodingMonkeys;
			productReference = 714FBC3028086D2A0015F008 /* Project29_ExplodingMonkeys.app */;
			productType = "com.apple.product-type.application";
		};
/* End PBXNativeTarget section */

/* Begin PBXProject section */
		714FBC2828086D2A0015F008 /* Project object */ = {
			isa = PBXProject;
			attributes = {
				BuildIndependentTargetsInParallel = 1;
				LastSwiftUpdateCheck = 1330;
				LastUpgradeCheck = 1330;
				TargetAttributes = {
					714FBC2F28086D2A0015F008 = {
						CreatedOnToolsVersion = 13.3.1;
					};
				};
			};
			buildConfigurationList = 714FBC2B28086D2A0015F008 /* Build configuration list for PBXProject "Project29_ExplodingMonkeys" */;
			compatibilityVersion = "Xcode 13.0";
			developmentRegion = en;
			hasScannedForEncodings = 0;
			knownRegions = (
				en,
				Base,
			);
			mainGroup = 714FBC2728086D2A0015F008;
			productRefGroup = 714FBC3128086D2A0015F008 /* Products */;
			projectDirPath = "";
			projectRoot = "";
			targets = (
				714FBC2F28086D2A0015F008 /* Project29_ExplodingMonkeys */,
			);
		};
/* End PBXProject section */

/* Begin PBXResourcesBuildPhase section */
		714FBC2E28086D2A0015F008 /* Resources */ = {
			isa = PBXResourcesBuildPhase;
			buildActionMask = 2147483647;
			files = (
				714FBC3F28086D2A0015F008 /* Main.storyboard in Resources */,
				714FBC3628086D2A0015F008 /* GameScene.sks in Resources */,
				714FBC4F28086DCA0015F008 /* Assets.atlas in Resources */,
				714FBC4C28086D780015F008 /* hitPlayer.sks in Resources */,
				714FBC4128086D2C0015F008 /* Assets.xcassets in Resources */,
				714FBC4428086D2C0015F008 /* LaunchScreen.storyboard in Resources */,
				714FBC4D28086D780015F008 /* hitBuilding.sks in Resources */,
			);
			runOnlyForDeploymentPostprocessing = 0;
		};
/* End PBXResourcesBuildPhase section */

/* Begin PBXSourcesBuildPhase section */
		714FBC2C28086D2A0015F008 /* Sources */ = {
			isa = PBXSourcesBuildPhase;
			buildActionMask = 2147483647;
			files = (
				714FBC3A28086D2A0015F008 /* GameScene.swift in Sources */,
				714FBC5128086E490015F008 /* BuildingNode.swift in Sources */,
				714FBC3C28086D2A0015F008 /* GameViewController.swift in Sources */,
				714FBC3428086D2A0015F008 /* AppDelegate.swift in Sources */,
			);
			runOnlyForDeploymentPostprocessing = 0;
		};
/* End PBXSourcesBuildPhase section */

/* Begin PBXVariantGroup section */
		714FBC3D28086D2A0015F008 /* Main.storyboard */ = {
			isa = PBXVariantGroup;
			children = (
				714FBC3E28086D2A0015F008 /* Base */,
			);
			name = Main.storyboard;
			sourceTree = "<group>";
		};
		714FBC4228086D2C0015F008 /* LaunchScreen.storyboard */ = {
			isa = PBXVariantGroup;
			children = (
				714FBC4328086D2C0015F008 /* Base */,
			);
			name = LaunchScreen.storyboard;
			sourceTree = "<group>";
		};
/* End PBXVariantGroup section */

/* Begin XCBuildConfiguration section */
		714FBC4528086D2C0015F008 /* Debug */ = {
			isa = XCBuildConfiguration;
			buildSettings = {
				ALWAYS_SEARCH_USER_PATHS = NO;
				CLANG_ANALYZER_NONNULL = YES;
				CLANG_ANALYZER_NUMBER_OBJECT_CONVERSION = YES_AGGRESSIVE;
				CLANG_CXX_LANGUAGE_STANDARD = "gnu++17";
				CLANG_ENABLE_MODULES = YES;
				CLANG_ENABLE_OBJC_ARC = YES;
				CLANG_ENABLE_OBJC_WEAK = YES;
				CLANG_WARN_BLOCK_CAPTURE_AUTORELEASING = YES;
				CLANG_WARN_BOOL_CONVERSION = YES;
				CLANG_WARN_COMMA = YES;
				CLANG_WARN_CONSTANT_CONVERSION = YES;
				CLANG_WARN_DEPRECATED_OBJC_IMPLEMENTATIONS = YES;
				CLANG_WARN_DIRECT_OBJC_ISA_USAGE = YES_ERROR;
				CLANG_WARN_DOCUMENTATION_COMMENTS = YES;
				CLANG_WARN_EMPTY_BODY = YES;
				CLANG_WARN_ENUM_CONVERSION = YES;
				CLANG_WARN_INFINITE_RECURSION = YES;
				CLANG_WARN_INT_CONVERSION = YES;
				CLANG_WARN_NON_LITERAL_NULL_CONVERSION = YES;
				CLANG_WARN_OBJC_IMPLICIT_RETAIN_SELF = YES;
				CLANG_WARN_OBJC_LITERAL_CONVERSION = YES;
				CLANG_WARN_OBJC_ROOT_CLASS = YES_ERROR;
				CLANG_WARN_QUOTED_INCLUDE_IN_FRAMEWORK_HEADER = YES;
				CLANG_WARN_RANGE_LOOP_ANALYSIS = YES;
				CLANG_WARN_STRICT_PROTOTYPES = YES;
				CLANG_WARN_SUSPICIOUS_MOVE = YES;
				CLANG_WARN_UNGUARDED_AVAILABILITY = YES_AGGRESSIVE;
				CLANG_WARN_UNREACHABLE_CODE = YES;
				CLANG_WARN__DUPLICATE_METHOD_MATCH = YES;
				COPY_PHASE_STRIP = NO;
				DEBUG_INFORMATION_FORMAT = dwarf;
				ENABLE_STRICT_OBJC_MSGSEND = YES;
				ENABLE_TESTABILITY = YES;
				GCC_C_LANGUAGE_STANDARD = gnu11;
				GCC_DYNAMIC_NO_PIC = NO;
				GCC_NO_COMMON_BLOCKS = YES;
				GCC_OPTIMIZATION_LEVEL = 0;
				GCC_PREPROCESSOR_DEFINITIONS = (
					"DEBUG=1",
					"$(inherited)",
				);
				GCC_WARN_64_TO_32_BIT_CONVERSION = YES;
				GCC_WARN_ABOUT_RETURN_TYPE = YES_ERROR;
				GCC_WARN_UNDECLARED_SELECTOR = YES;
				GCC_WARN_UNINITIALIZED_AUTOS = YES_AGGRESSIVE;
				GCC_WARN_UNUSED_FUNCTION = YES;
				GCC_WARN_UNUSED_VARIABLE = YES;
				IPHONEOS_DEPLOYMENT_TARGET = 15.4;
				MTL_ENABLE_DEBUG_INFO = INCLUDE_SOURCE;
				MTL_FAST_MATH = YES;
				ONLY_ACTIVE_ARCH = YES;
				SDKROOT = iphoneos;
				SWIFT_ACTIVE_COMPILATION_CONDITIONS = DEBUG;
				SWIFT_OPTIMIZATION_LEVEL = "-Onone";
			};
			name = Debug;
		};
		714FBC4628086D2C0015F008 /* Release */ = {
			isa = XCBuildConfiguration;
			buildSettings = {
				ALWAYS_SEARCH_USER_PATHS = NO;
				CLANG_ANALYZER_NONNULL = YES;
				CLANG_ANALYZER_NUMBER_OBJECT_CONVERSION = YES_AGGRESSIVE;
				CLANG_CXX_LANGUAGE_STANDARD = "gnu++17";
				CLANG_ENABLE_MODULES = YES;
				CLANG_ENABLE_OBJC_ARC = YES;
				CLANG_ENABLE_OBJC_WEAK = YES;
				CLANG_WARN_BLOCK_CAPTURE_AUTORELEASING = YES;
				CLANG_WARN_BOOL_CONVERSION = YES;
				CLANG_WARN_COMMA = YES;
				CLANG_WARN_CONSTANT_CONVERSION = YES;
				CLANG_WARN_DEPRECATED_OBJC_IMPLEMENTATIONS = YES;
				CLANG_WARN_DIRECT_OBJC_ISA_USAGE = YES_ERROR;
				CLANG_WARN_DOCUMENTATION_COMMENTS = YES;
				CLANG_WARN_EMPTY_BODY = YES;
				CLANG_WARN_ENUM_CONVERSION = YES;
				CLANG_WARN_INFINITE_RECURSION = YES;
				CLANG_WARN_INT_CONVERSION = YES;
				CLANG_WARN_NON_LITERAL_NULL_CONVERSION = YES;
				CLANG_WARN_OBJC_IMPLICIT_RETAIN_SELF = YES;
				CLANG_WARN_OBJC_LITERAL_CONVERSION = YES;
				CLANG_WARN_OBJC_ROOT_CLASS = YES_ERROR;
				CLANG_WARN_QUOTED_INCLUDE_IN_FRAMEWORK_HEADER = YES;
				CLANG_WARN_RANGE_LOOP_ANALYSIS = YES;
				CLANG_WARN_STRICT_PROTOTYPES = YES;
				CLANG_WARN_SUSPICIOUS_MOVE = YES;
				CLANG_WARN_UNGUARDED_AVAILABILITY = YES_AGGRESSIVE;
				CLANG_WARN_UNREACHABLE_CODE = YES;
				CLANG_WARN__DUPLICATE_METHOD_MATCH = YES;
				COPY_PHASE_STRIP = NO;
				DEBUG_INFORMATION_FORMAT = "dwarf-with-dsym";
				ENABLE_NS_ASSERTIONS = NO;
				ENABLE_STRICT_OBJC_MSGSEND = YES;
				GCC_C_LANGUAGE_STANDARD = gnu11;
				GCC_NO_COMMON_BLOCKS = YES;
				GCC_WARN_64_TO_32_BIT_CONVERSION = YES;
				GCC_WARN_ABOUT_RETURN_TYPE = YES_ERROR;
				GCC_WARN_UNDECLARED_SELECTOR = YES;
				GCC_WARN_UNINITIALIZED_AUTOS = YES_AGGRESSIVE;
				GCC_WARN_UNUSED_FUNCTION = YES;
				GCC_WARN_UNUSED_VARIABLE = YES;
				IPHONEOS_DEPLOYMENT_TARGET = 15.4;
				MTL_ENABLE_DEBUG_INFO = NO;
				MTL_FAST_MATH = YES;
				SDKROOT = iphoneos;
				SWIFT_COMPILATION_MODE = wholemodule;
				SWIFT_OPTIMIZATION_LEVEL = "-O";
				VALIDATE_PRODUCT = YES;
			};
			name = Release;
		};
		714FBC4828086D2C0015F008 /* Debug */ = {
			isa = XCBuildConfiguration;
			buildSettings = {
				ASSETCATALOG_COMPILER_APPICON_NAME = AppIcon;
				ASSETCATALOG_COMPILER_GLOBAL_ACCENT_COLOR_NAME = AccentColor;
				CODE_SIGN_STYLE = Automatic;
				CURRENT_PROJECT_VERSION = 1;
				DEVELOPMENT_TEAM = M6Z8JUW5F9;
				GENERATE_INFOPLIST_FILE = YES;
				INFOPLIST_KEY_UIApplicationSupportsIndirectInputEvents = YES;
				INFOPLIST_KEY_UILaunchStoryboardName = LaunchScreen;
				INFOPLIST_KEY_UIMainStoryboardFile = Main;
				INFOPLIST_KEY_UIRequiresFullScreen = YES;
				INFOPLIST_KEY_UIStatusBarHidden = YES;
				INFOPLIST_KEY_UISupportedInterfaceOrientations_iPad = "UIInterfaceOrientationLandscapeLeft UIInterfaceOrientationLandscapeRight";
				INFOPLIST_KEY_UISupportedInterfaceOrientations_iPhone = "UIInterfaceOrientationPortrait UIInterfaceOrientationLandscapeLeft UIInterfaceOrientationLandscapeRight";
				LD_RUNPATH_SEARCH_PATHS = (
					"$(inherited)",
					"@executable_path/Frameworks",
				);
				MARKETING_VERSION = 1.0;
				PRODUCT_BUNDLE_IDENTIFIER = "com.konrad.cureau.Project29-ExplodingMonkeys";
				PRODUCT_NAME = "$(TARGET_NAME)";
				SWIFT_EMIT_LOC_STRINGS = YES;
				SWIFT_VERSION = 5.0;
				TARGETED_DEVICE_FAMILY = 2;
			};
			name = Debug;
		};
		714FBC4928086D2C0015F008 /* Release */ = {
			isa = XCBuildConfiguration;
			buildSettings = {
				ASSETCATALOG_COMPILER_APPICON_NAME = AppIcon;
				ASSETCATALOG_COMPILER_GLOBAL_ACCENT_COLOR_NAME = AccentColor;
				CODE_SIGN_STYLE = Automatic;
				CURRENT_PROJECT_VERSION = 1;
				DEVELOPMENT_TEAM = M6Z8JUW5F9;
				GENERATE_INFOPLIST_FILE = YES;
				INFOPLIST_KEY_UIApplicationSupportsIndirectInputEvents = YES;
				INFOPLIST_KEY_UILaunchStoryboardName = LaunchScreen;
				INFOPLIST_KEY_UIMainStoryboardFile = Main;
				INFOPLIST_KEY_UIRequiresFullScreen = YES;
				INFOPLIST_KEY_UIStatusBarHidden = YES;
				INFOPLIST_KEY_UISupportedInterfaceOrientations_iPad = "UIInterfaceOrientationLandscapeLeft UIInterfaceOrientationLandscapeRight";
				INFOPLIST_KEY_UISupportedInterfaceOrientations_iPhone = "UIInterfaceOrientationPortrait UIInterfaceOrientationLandscapeLeft UIInterfaceOrientationLandscapeRight";
				LD_RUNPATH_SEARCH_PATHS = (
					"$(inherited)",
					"@executable_path/Frameworks",
				);
				MARKETING_VERSION = 1.0;
				PRODUCT_BUNDLE_IDENTIFIER = "com.konrad.cureau.Project29-ExplodingMonkeys";
				PRODUCT_NAME = "$(TARGET_NAME)";
				SWIFT_EMIT_LOC_STRINGS = YES;
				SWIFT_VERSION = 5.0;
				TARGETED_DEVICE_FAMILY = 2;
			};
			name = Release;
		};
/* End XCBuildConfiguration section */

/* Begin XCConfigurationList section */
		714FBC2B28086D2A0015F008 /* Build configuration list for PBXProject "Project29_ExplodingMonkeys" */ = {
			isa = XCConfigurationList;
			buildConfigurations = (
				714FBC4528086D2C0015F008 /* Debug */,
				714FBC4628086D2C0015F008 /* Release */,
			);
			defaultConfigurationIsVisible = 0;
			defaultConfigurationName = Release;
		};
		714FBC4728086D2C0015F008 /* Build configuration list for PBXNativeTarget "Project29_ExplodingMonkeys" */ = {
			isa = XCConfigurationList;
			buildConfigurations = (
				714FBC4828086D2C0015F008 /* Debug */,
				714FBC4928086D2C0015F008 /* Release */,
			);
			defaultConfigurationIsVisible = 0;
			defaultConfigurationName = Release;
		};
/* End XCConfigurationList section */
	};
	rootObject = 714FBC2828086D2A0015F008 /* Project object */;
}
