// !$*UTF8*$!
{
	archiveVersion = 1;
	classes = {
	};
	objectVersion = 55;
	objects = {

/* Begin PBXBuildFile section */
		714BFA5C2805C0A900DA1947 /* AppDelegate.swift in Sources */ = {isa = PBXBuildFile; fileRef = 714BFA5B2805C0A900DA1947 /* AppDelegate.swift */; };
		714BFA5E2805C0A900DA1947 /* SceneDelegate.swift in Sources */ = {isa = PBXBuildFile; fileRef = 714BFA5D2805C0A900DA1947 /* SceneDelegate.swift */; };
		714BFA602805C0A900DA1947 /* ViewController.swift in Sources */ = {isa = PBXBuildFile; fileRef = 714BFA5F2805C0A900DA1947 /* ViewController.swift */; };
		714BFA632805C0A900DA1947 /* Main.storyboard in Resources */ = {isa = PBXBuildFile; fileRef = 714BFA612805C0A900DA1947 /* Main.storyboard */; };
		714BFA652805C0AB00DA1947 /* Assets.xcassets in Resources */ = {isa = PBXBuildFile; fileRef = 714BFA642805C0AB00DA1947 /* Assets.xcassets */; };
		714BFA682805C0AB00DA1947 /* LaunchScreen.storyboard in Resources */ = {isa = PBXBuildFile; fileRef = 714BFA662805C0AB00DA1947 /* LaunchScreen.storyboard */; };
		714BFA762805C24400DA1947 /* UniformTypeIdentifiers.framework in Frameworks */ = {isa = PBXBuildFile; fileRef = 714BFA752805C24400DA1947 /* UniformTypeIdentifiers.framework */; };
		714BFA792805C24400DA1947 /* Media.xcassets in Resources */ = {isa = PBXBuildFile; fileRef = 714BFA782805C24400DA1947 /* Media.xcassets */; };
		714BFA7B2805C24400DA1947 /* ActionViewController.swift in Sources */ = {isa = PBXBuildFile; fileRef = 714BFA7A2805C24400DA1947 /* ActionViewController.swift */; };
		714BFA7E2805C24400DA1947 /* MainInterface.storyboard in Resources */ = {isa = PBXBuildFile; fileRef = 714BFA7C2805C24400DA1947 /* MainInterface.storyboard */; };
		714BFA822805C24400DA1947 /* Extension.appex in Embed App Extensions */ = {isa = PBXBuildFile; fileRef = 714BFA732805C24400DA1947 /* Extension.appex */; settings = {ATTRIBUTES = (RemoveHeadersOnCopy, ); }; };
		714BFA882805DA3400DA1947 /* Action.js in Resources */ = {isa = PBXBuildFile; fileRef = 714BFA872805DA3400DA1947 /* Action.js */; };
/* End PBXBuildFile section */

/* Begin PBXContainerItemProxy section */
		714BFA802805C24400DA1947 /* PBXContainerItemProxy */ = {
			isa = PBXContainerItemProxy;
			containerPortal = 714BFA502805C0A900DA1947 /* Project object */;
			proxyType = 1;
			remoteGlobalIDString = 714BFA722805C24400DA1947;
			remoteInfo = Extension;
		};
/* End PBXContainerItemProxy section */

/* Begin PBXCopyFilesBuildPhase section */
		714BFA862805C24400DA1947 /* Embed App Extensions */ = {
			isa = PBXCopyFilesBuildPhase;
			buildActionMask = 2147483647;
			dstPath = "";
			dstSubfolderSpec = 13;
			files = (
				714BFA822805C24400DA1947 /* Extension.appex in Embed App Extensions */,
			);
			name = "Embed App Extensions";
			runOnlyForDeploymentPostprocessing = 0;
		};
/* End PBXCopyFilesBuildPhase section */

/* Begin PBXFileReference section */
		714BFA582805C0A900DA1947 /* Project19_JavaScript_Injection.app */ = {isa = PBXFileReference; explicitFileType = wrapper.application; includeInIndex = 0; path = Project19_JavaScript_Injection.app; sourceTree = BUILT_PRODUCTS_DIR; };
		714BFA5B2805C0A900DA1947 /* AppDelegate.swift */ = {isa = PBXFileReference; lastKnownFileType = sourcecode.swift; path = AppDelegate.swift; sourceTree = "<group>"; };
		714BFA5D2805C0A900DA1947 /* SceneDelegate.swift */ = {isa = PBXFileReference; lastKnownFileType = sourcecode.swift; path = SceneDelegate.swift; sourceTree = "<group>"; };
		714BFA5F2805C0A900DA1947 /* ViewController.swift */ = {isa = PBXFileReference; lastKnownFileType = sourcecode.swift; path = ViewController.swift; sourceTree = "<group>"; };
		714BFA622805C0A900DA1947 /* Base */ = {isa = PBXFileReference; lastKnownFileType = file.storyboard; name = Base; path = Base.lproj/Main.storyboard; sourceTree = "<group>"; };
		714BFA642805C0AB00DA1947 /* Assets.xcassets */ = {isa = PBXFileReference; lastKnownFileType = folder.assetcatalog; path = Assets.xcassets; sourceTree = "<group>"; };
		714BFA672805C0AB00DA1947 /* Base */ = {isa = PBXFileReference; lastKnownFileType = file.storyboard; name = Base; path = Base.lproj/LaunchScreen.storyboard; sourceTree = "<group>"; };
		714BFA692805C0AB00DA1947 /* Info.plist */ = {isa = PBXFileReference; lastKnownFileType = text.plist.xml; path = Info.plist; sourceTree = "<group>"; };
		714BFA732805C24400DA1947 /* Extension.appex */ = {isa = PBXFileReference; explicitFileType = "wrapper.app-extension"; includeInIndex = 0; path = Extension.appex; sourceTree = BUILT_PRODUCTS_DIR; };
		714BFA752805C24400DA1947 /* UniformTypeIdentifiers.framework */ = {isa = PBXFileReference; lastKnownFileType = wrapper.framework; name = UniformTypeIdentifiers.framework; path = System/Library/Frameworks/UniformTypeIdentifiers.framework; sourceTree = SDKROOT; };
		714BFA782805C24400DA1947 /* Media.xcassets */ = {isa = PBXFileReference; lastKnownFileType = folder.assetcatalog; path = Media.xcassets; sourceTree = "<group>"; };
		714BFA7A2805C24400DA1947 /* ActionViewController.swift */ = {isa = PBXFileReference; lastKnownFileType = sourcecode.swift; path = ActionViewController.swift; sourceTree = "<group>"; };
		714BFA7D2805C24400DA1947 /* Base */ = {isa = PBXFileReference; lastKnownFileType = file.storyboard; name = Base; path = Base.lproj/MainInterface.storyboard; sourceTree = "<group>"; };
		714BFA7F2805C24400DA1947 /* Info.plist */ = {isa = PBXFileReference; lastKnownFileType = text.plist.xml; path = Info.plist; sourceTree = "<group>"; };
		714BFA872805DA3400DA1947 /* Action.js */ = {isa = PBXFileReference; lastKnownFileType = sourcecode.javascript; path = Action.js; sourceTree = "<group>"; };
/* End PBXFileReference section */

/* Begin PBXFrameworksBuildPhase section */
		714BFA552805C0A900DA1947 /* Frameworks */ = {
			isa = PBXFrameworksBuildPhase;
			buildActionMask = 2147483647;
			files = (
			);
			runOnlyForDeploymentPostprocessing = 0;
		};
		714BFA702805C24400DA1947 /* Frameworks */ = {
			isa = PBXFrameworksBuildPhase;
			buildActionMask = 2147483647;
			files = (
				714BFA762805C24400DA1947 /* UniformTypeIdentifiers.framework in Frameworks */,
			);
			runOnlyForDeploymentPostprocessing = 0;
		};
/* End PBXFrameworksBuildPhase section */

/* Begin PBXGroup section */
		714BFA4F2805C0A900DA1947 = {
			isa = PBXGroup;
			children = (
				714BFA5A2805C0A900DA1947 /* Project19_JavaScript_Injection */,
				714BFA772805C24400DA1947 /* Extension */,
				714BFA742805C24400DA1947 /* Frameworks */,
				714BFA592805C0A900DA1947 /* Products */,
			);
			sourceTree = "<group>";
		};
		714BFA592805C0A900DA1947 /* Products */ = {
			isa = PBXGroup;
			children = (
				714BFA582805C0A900DA1947 /* Project19_JavaScript_Injection.app */,
				714BFA732805C24400DA1947 /* Extension.appex */,
			);
			name = Products;
			sourceTree = "<group>";
		};
		714BFA5A2805C0A900DA1947 /* Project19_JavaScript_Injection */ = {
			isa = PBXGroup;
			children = (
				714BFA5B2805C0A900DA1947 /* AppDelegate.swift */,
				714BFA5D2805C0A900DA1947 /* SceneDelegate.swift */,
				714BFA5F2805C0A900DA1947 /* ViewController.swift */,
				714BFA612805C0A900DA1947 /* Main.storyboard */,
				714BFA642805C0AB00DA1947 /* Assets.xcassets */,
				714BFA662805C0AB00DA1947 /* LaunchScreen.storyboard */,
				714BFA692805C0AB00DA1947 /* Info.plist */,
			);
			path = Project19_JavaScript_Injection;
			sourceTree = "<group>";
		};
		714BFA742805C24400DA1947 /* Frameworks */ = {
			isa = PBXGroup;
			children = (
				714BFA752805C24400DA1947 /* UniformTypeIdentifiers.framework */,
			);
			name = Frameworks;
			sourceTree = "<group>";
		};
		714BFA772805C24400DA1947 /* Extension */ = {
			isa = PBXGroup;
			children = (
				714BFA782805C24400DA1947 /* Media.xcassets */,
				714BFA7A2805C24400DA1947 /* ActionViewController.swift */,
				714BFA7C2805C24400DA1947 /* MainInterface.storyboard */,
				714BFA7F2805C24400DA1947 /* Info.plist */,
				714BFA872805DA3400DA1947 /* Action.js */,
			);
			path = Extension;
			sourceTree = "<group>";
		};
/* End PBXGroup section */

/* Begin PBXNativeTarget section */
		714BFA572805C0A900DA1947 /* Project19_JavaScript_Injection */ = {
			isa = PBXNativeTarget;
			buildConfigurationList = 714BFA6C2805C0AB00DA1947 /* Build configuration list for PBXNativeTarget "Project19_JavaScript_Injection" */;
			buildPhases = (
				714BFA542805C0A900DA1947 /* Sources */,
				714BFA552805C0A900DA1947 /* Frameworks */,
				714BFA562805C0A900DA1947 /* Resources */,
				714BFA862805C24400DA1947 /* Embed App Extensions */,
			);
			buildRules = (
			);
			dependencies = (
				714BFA812805C24400DA1947 /* PBXTargetDependency */,
			);
			name = Project19_JavaScript_Injection;
			productName = Project19_JavaScript_Injection;
			productReference = 714BFA582805C0A900DA1947 /* Project19_JavaScript_Injection.app */;
			productType = "com.apple.product-type.application";
		};
		714BFA722805C24400DA1947 /* Extension */ = {
			isa = PBXNativeTarget;
			buildConfigurationList = 714BFA832805C24400DA1947 /* Build configuration list for PBXNativeTarget "Extension" */;
			buildPhases = (
				714BFA6F2805C24400DA1947 /* Sources */,
				714BFA702805C24400DA1947 /* Frameworks */,
				714BFA712805C24400DA1947 /* Resources */,
			);
			buildRules = (
			);
			dependencies = (
			);
			name = Extension;
			productName = Extension;
			productReference = 714BFA732805C24400DA1947 /* Extension.appex */;
			productType = "com.apple.product-type.app-extension";
		};
/* End PBXNativeTarget section */

/* Begin PBXProject section */
		714BFA502805C0A900DA1947 /* Project object */ = {
			isa = PBXProject;
			attributes = {
				BuildIndependentTargetsInParallel = 1;
				LastSwiftUpdateCheck = 1330;
				LastUpgradeCheck = 1330;
				TargetAttributes = {
					714BFA572805C0A900DA1947 = {
						CreatedOnToolsVersion = 13.3;
					};
					714BFA722805C24400DA1947 = {
						CreatedOnToolsVersion = 13.3;
					};
				};
			};
			buildConfigurationList = 714BFA532805C0A900DA1947 /* Build configuration list for PBXProject "Project19_JavaScript_Injection" */;
			compatibilityVersion = "Xcode 13.0";
			developmentRegion = en;
			hasScannedForEncodings = 0;
			knownRegions = (
				en,
				Base,
			);
			mainGroup = 714BFA4F2805C0A900DA1947;
			productRefGroup = 714BFA592805C0A900DA1947 /* Products */;
			projectDirPath = "";
			projectRoot = "";
			targets = (
				714BFA572805C0A900DA1947 /* Project19_JavaScript_Injection */,
				714BFA722805C24400DA1947 /* Extension */,
			);
		};
/* End PBXProject section */

/* Begin PBXResourcesBuildPhase section */
		714BFA562805C0A900DA1947 /* Resources */ = {
			isa = PBXResourcesBuildPhase;
			buildActionMask = 2147483647;
			files = (
				714BFA682805C0AB00DA1947 /* LaunchScreen.storyboard in Resources */,
				714BFA652805C0AB00DA1947 /* Assets.xcassets in Resources */,
				714BFA632805C0A900DA1947 /* Main.storyboard in Resources */,
			);
			runOnlyForDeploymentPostprocessing = 0;
		};
		714BFA712805C24400DA1947 /* Resources */ = {
			isa = PBXResourcesBuildPhase;
			buildActionMask = 2147483647;
			files = (
				714BFA882805DA3400DA1947 /* Action.js in Resources */,
				714BFA792805C24400DA1947 /* Media.xcassets in Resources */,
				714BFA7E2805C24400DA1947 /* MainInterface.storyboard in Resources */,
			);
			runOnlyForDeploymentPostprocessing = 0;
		};
/* End PBXResourcesBuildPhase section */

/* Begin PBXSourcesBuildPhase section */
		714BFA542805C0A900DA1947 /* Sources */ = {
			isa = PBXSourcesBuildPhase;
			buildActionMask = 2147483647;
			files = (
				714BFA602805C0A900DA1947 /* ViewController.swift in Sources */,
				714BFA5C2805C0A900DA1947 /* AppDelegate.swift in Sources */,
				714BFA5E2805C0A900DA1947 /* SceneDelegate.swift in Sources */,
			);
			runOnlyForDeploymentPostprocessing = 0;
		};
		714BFA6F2805C24400DA1947 /* Sources */ = {
			isa = PBXSourcesBuildPhase;
			buildActionMask = 2147483647;
			files = (
				714BFA7B2805C24400DA1947 /* ActionViewController.swift in Sources */,
			);
			runOnlyForDeploymentPostprocessing = 0;
		};
/* End PBXSourcesBuildPhase section */

/* Begin PBXTargetDependency section */
		714BFA812805C24400DA1947 /* PBXTargetDependency */ = {
			isa = PBXTargetDependency;
			target = 714BFA722805C24400DA1947 /* Extension */;
			targetProxy = 714BFA802805C24400DA1947 /* PBXContainerItemProxy */;
		};
/* End PBXTargetDependency section */

/* Begin PBXVariantGroup section */
		714BFA612805C0A900DA1947 /* Main.storyboard */ = {
			isa = PBXVariantGroup;
			children = (
				714BFA622805C0A900DA1947 /* Base */,
			);
			name = Main.storyboard;
			sourceTree = "<group>";
		};
		714BFA662805C0AB00DA1947 /* LaunchScreen.storyboard */ = {
			isa = PBXVariantGroup;
			children = (
				714BFA672805C0AB00DA1947 /* Base */,
			);
			name = LaunchScreen.storyboard;
			sourceTree = "<group>";
		};
		714BFA7C2805C24400DA1947 /* MainInterface.storyboard */ = {
			isa = PBXVariantGroup;
			children = (
				714BFA7D2805C24400DA1947 /* Base */,
			);
			name = MainInterface.storyboard;
			sourceTree = "<group>";
		};
/* End PBXVariantGroup section */

/* Begin XCBuildConfiguration section */
		714BFA6A2805C0AB00DA1947 /* Debug */ = {
			isa = XCBuildConfiguration;
			buildSettings = {
				ALWAYS_SEARCH_USER_PATHS = NO;
				CLANG_ANALYZER_NONNULL = YES;
				CLANG_ANALYZER_NUMBER_OBJECT_CONVERSION = YES_AGGRESSIVE;
				CLANG_CXX_LANGUAGE_STANDARD = "gnu++17";
				CLANG_ENABLE_MODULES = YES;
				CLANG_ENABLE_OBJC_ARC = YES;
				CLANG_ENABLE_OBJC_WEAK = YES;
				CLANG_WARN_BLOCK_CAPTURE_AUTORELEASING = YES;
				CLANG_WARN_BOOL_CONVERSION = YES;
				CLANG_WARN_COMMA = YES;
				CLANG_WARN_CONSTANT_CONVERSION = YES;
				CLANG_WARN_DEPRECATED_OBJC_IMPLEMENTATIONS = YES;
				CLANG_WARN_DIRECT_OBJC_ISA_USAGE = YES_ERROR;
				CLANG_WARN_DOCUMENTATION_COMMENTS = YES;
				CLANG_WARN_EMPTY_BODY = YES;
				CLANG_WARN_ENUM_CONVERSION = YES;
				CLANG_WARN_INFINITE_RECURSION = YES;
				CLANG_WARN_INT_CONVERSION = YES;
				CLANG_WARN_NON_LITERAL_NULL_CONVERSION = YES;
				CLANG_WARN_OBJC_IMPLICIT_RETAIN_SELF = YES;
				CLANG_WARN_OBJC_LITERAL_CONVERSION = YES;
				CLANG_WARN_OBJC_ROOT_CLASS = YES_ERROR;
				CLANG_WARN_QUOTED_INCLUDE_IN_FRAMEWORK_HEADER = YES;
				CLANG_WARN_RANGE_LOOP_ANALYSIS = YES;
				CLANG_WARN_STRICT_PROTOTYPES = YES;
				CLANG_WARN_SUSPICIOUS_MOVE = YES;
				CLANG_WARN_UNGUARDED_AVAILABILITY = YES_AGGRESSIVE;
				CLANG_WARN_UNREACHABLE_CODE = YES;
				CLANG_WARN__DUPLICATE_METHOD_MATCH = YES;
				COPY_PHASE_STRIP = NO;
				DEBUG_INFORMATION_FORMAT = dwarf;
				ENABLE_STRICT_OBJC_MSGSEND = YES;
				ENABLE_TESTABILITY = YES;
				GCC_C_LANGUAGE_STANDARD = gnu11;
				GCC_DYNAMIC_NO_PIC = NO;
				GCC_NO_COMMON_BLOCKS = YES;
				GCC_OPTIMIZATION_LEVEL = 0;
				GCC_PREPROCESSOR_DEFINITIONS = (
					"DEBUG=1",
					"$(inherited)",
				);
				GCC_WARN_64_TO_32_BIT_CONVERSION = YES;
				GCC_WARN_ABOUT_RETURN_TYPE = YES_ERROR;
				GCC_WARN_UNDECLARED_SELECTOR = YES;
				GCC_WARN_UNINITIALIZED_AUTOS = YES_AGGRESSIVE;
				GCC_WARN_UNUSED_FUNCTION = YES;
				GCC_WARN_UNUSED_VARIABLE = YES;
				IPHONEOS_DEPLOYMENT_TARGET = 15.4;
				MTL_ENABLE_DEBUG_INFO = INCLUDE_SOURCE;
				MTL_FAST_MATH = YES;
				ONLY_ACTIVE_ARCH = YES;
				SDKROOT = iphoneos;
				SWIFT_ACTIVE_COMPILATION_CONDITIONS = DEBUG;
				SWIFT_OPTIMIZATION_LEVEL = "-Onone";
			};
			name = Debug;
		};
		714BFA6B2805C0AB00DA1947 /* Release */ = {
			isa = XCBuildConfiguration;
			buildSettings = {
				ALWAYS_SEARCH_USER_PATHS = NO;
				CLANG_ANALYZER_NONNULL = YES;
				CLANG_ANALYZER_NUMBER_OBJECT_CONVERSION = YES_AGGRESSIVE;
				CLANG_CXX_LANGUAGE_STANDARD = "gnu++17";
				CLANG_ENABLE_MODULES = YES;
				CLANG_ENABLE_OBJC_ARC = YES;
				CLANG_ENABLE_OBJC_WEAK = YES;
				CLANG_WARN_BLOCK_CAPTURE_AUTORELEASING = YES;
				CLANG_WARN_BOOL_CONVERSION = YES;
				CLANG_WARN_COMMA = YES;
				CLANG_WARN_CONSTANT_CONVERSION = YES;
				CLANG_WARN_DEPRECATED_OBJC_IMPLEMENTATIONS = YES;
				CLANG_WARN_DIRECT_OBJC_ISA_USAGE = YES_ERROR;
				CLANG_WARN_DOCUMENTATION_COMMENTS = YES;
				CLANG_WARN_EMPTY_BODY = YES;
				CLANG_WARN_ENUM_CONVERSION = YES;
				CLANG_WARN_INFINITE_RECURSION = YES;
				CLANG_WARN_INT_CONVERSION = YES;
				CLANG_WARN_NON_LITERAL_NULL_CONVERSION = YES;
				CLANG_WARN_OBJC_IMPLICIT_RETAIN_SELF = YES;
				CLANG_WARN_OBJC_LITERAL_CONVERSION = YES;
				CLANG_WARN_OBJC_ROOT_CLASS = YES_ERROR;
				CLANG_WARN_QUOTED_INCLUDE_IN_FRAMEWORK_HEADER = YES;
				CLANG_WARN_RANGE_LOOP_ANALYSIS = YES;
				CLANG_WARN_STRICT_PROTOTYPES = YES;
				CLANG_WARN_SUSPICIOUS_MOVE = YES;
				CLANG_WARN_UNGUARDED_AVAILABILITY = YES_AGGRESSIVE;
				CLANG_WARN_UNREACHABLE_CODE = YES;
				CLANG_WARN__DUPLICATE_METHOD_MATCH = YES;
				COPY_PHASE_STRIP = NO;
				DEBUG_INFORMATION_FORMAT = "dwarf-with-dsym";
				ENABLE_NS_ASSERTIONS = NO;
				ENABLE_STRICT_OBJC_MSGSEND = YES;
				GCC_C_LANGUAGE_STANDARD = gnu11;
				GCC_NO_COMMON_BLOCKS = YES;
				GCC_WARN_64_TO_32_BIT_CONVERSION = YES;
				GCC_WARN_ABOUT_RETURN_TYPE = YES_ERROR;
				GCC_WARN_UNDECLARED_SELECTOR = YES;
				GCC_WARN_UNINITIALIZED_AUTOS = YES_AGGRESSIVE;
				GCC_WARN_UNUSED_FUNCTION = YES;
				GCC_WARN_UNUSED_VARIABLE = YES;
				IPHONEOS_DEPLOYMENT_TARGET = 15.4;
				MTL_ENABLE_DEBUG_INFO = NO;
				MTL_FAST_MATH = YES;
				SDKROOT = iphoneos;
				SWIFT_COMPILATION_MODE = wholemodule;
				SWIFT_OPTIMIZATION_LEVEL = "-O";
				VALIDATE_PRODUCT = YES;
			};
			name = Release;
		};
		714BFA6D2805C0AB00DA1947 /* Debug */ = {
			isa = XCBuildConfiguration;
			buildSettings = {
				ALWAYS_EMBED_SWIFT_STANDARD_LIBRARIES = YES;
				ASSETCATALOG_COMPILER_APPICON_NAME = AppIcon;
				ASSETCATALOG_COMPILER_GLOBAL_ACCENT_COLOR_NAME = AccentColor;
				CODE_SIGN_STYLE = Automatic;
				CURRENT_PROJECT_VERSION = 1;
				DEVELOPMENT_TEAM = M6Z8JUW5F9;
				GENERATE_INFOPLIST_FILE = YES;
				INFOPLIST_FILE = Project19_JavaScript_Injection/Info.plist;
				INFOPLIST_KEY_UIApplicationSupportsIndirectInputEvents = YES;
				INFOPLIST_KEY_UILaunchStoryboardName = LaunchScreen;
				INFOPLIST_KEY_UIMainStoryboardFile = Main;
				INFOPLIST_KEY_UISupportedInterfaceOrientations_iPad = "UIInterfaceOrientationPortrait UIInterfaceOrientationPortraitUpsideDown UIInterfaceOrientationLandscapeLeft UIInterfaceOrientationLandscapeRight";
				INFOPLIST_KEY_UISupportedInterfaceOrientations_iPhone = "UIInterfaceOrientationPortrait UIInterfaceOrientationLandscapeLeft UIInterfaceOrientationLandscapeRight";
				LD_RUNPATH_SEARCH_PATHS = (
					"$(inherited)",
					"@executable_path/Frameworks",
				);
				MARKETING_VERSION = 1.0;
				PRODUCT_BUNDLE_IDENTIFIER = "com.konrad.cureau.Project19-JavaScript-Injection";
				PRODUCT_NAME = "$(TARGET_NAME)";
				SWIFT_EMIT_LOC_STRINGS = YES;
				SWIFT_VERSION = 5.0;
				TARGETED_DEVICE_FAMILY = "1,2";
			};
			name = Debug;
		};
		714BFA6E2805C0AB00DA1947 /* Release */ = {
			isa = XCBuildConfiguration;
			buildSettings = {
				ALWAYS_EMBED_SWIFT_STANDARD_LIBRARIES = YES;
				ASSETCATALOG_COMPILER_APPICON_NAME = AppIcon;
				ASSETCATALOG_COMPILER_GLOBAL_ACCENT_COLOR_NAME = AccentColor;
				CODE_SIGN_STYLE = Automatic;
				CURRENT_PROJECT_VERSION = 1;
				DEVELOPMENT_TEAM = M6Z8JUW5F9;
				GENERATE_INFOPLIST_FILE = YES;
				INFOPLIST_FILE = Project19_JavaScript_Injection/Info.plist;
				INFOPLIST_KEY_UIApplicationSupportsIndirectInputEvents = YES;
				INFOPLIST_KEY_UILaunchStoryboardName = LaunchScreen;
				INFOPLIST_KEY_UIMainStoryboardFile = Main;
				INFOPLIST_KEY_UISupportedInterfaceOrientations_iPad = "UIInterfaceOrientationPortrait UIInterfaceOrientationPortraitUpsideDown UIInterfaceOrientationLandscapeLeft UIInterfaceOrientationLandscapeRight";
				INFOPLIST_KEY_UISupportedInterfaceOrientations_iPhone = "UIInterfaceOrientationPortrait UIInterfaceOrientationLandscapeLeft UIInterfaceOrientationLandscapeRight";
				LD_RUNPATH_SEARCH_PATHS = (
					"$(inherited)",
					"@executable_path/Frameworks",
				);
				MARKETING_VERSION = 1.0;
				PRODUCT_BUNDLE_IDENTIFIER = "com.konrad.cureau.Project19-JavaScript-Injection";
				PRODUCT_NAME = "$(TARGET_NAME)";
				SWIFT_EMIT_LOC_STRINGS = YES;
				SWIFT_VERSION = 5.0;
				TARGETED_DEVICE_FAMILY = "1,2";
			};
			name = Release;
		};
		714BFA842805C24400DA1947 /* Debug */ = {
			isa = XCBuildConfiguration;
			buildSettings = {
				CODE_SIGN_STYLE = Automatic;
				CURRENT_PROJECT_VERSION = 1;
				DEVELOPMENT_TEAM = M6Z8JUW5F9;
				GENERATE_INFOPLIST_FILE = YES;
				INFOPLIST_FILE = Extension/Info.plist;
				INFOPLIST_KEY_CFBundleDisplayName = Extension;
				INFOPLIST_KEY_NSHumanReadableCopyright = "";
				LD_RUNPATH_SEARCH_PATHS = (
					"$(inherited)",
					"@executable_path/Frameworks",
					"@executable_path/../../Frameworks",
				);
				MARKETING_VERSION = 1.0;
				PRODUCT_BUNDLE_IDENTIFIER = "com.konrad.cureau.Project19-JavaScript-Injection.Extension";
				PRODUCT_NAME = "$(TARGET_NAME)";
				SKIP_INSTALL = YES;
				SWIFT_EMIT_LOC_STRINGS = YES;
				SWIFT_VERSION = 5.0;
				TARGETED_DEVICE_FAMILY = "1,2";
			};
			name = Debug;
		};
		714BFA852805C24400DA1947 /* Release */ = {
			isa = XCBuildConfiguration;
			buildSettings = {
				CODE_SIGN_STYLE = Automatic;
				CURRENT_PROJECT_VERSION = 1;
				DEVELOPMENT_TEAM = M6Z8JUW5F9;
				GENERATE_INFOPLIST_FILE = YES;
				INFOPLIST_FILE = Extension/Info.plist;
				INFOPLIST_KEY_CFBundleDisplayName = Extension;
				INFOPLIST_KEY_NSHumanReadableCopyright = "";
				LD_RUNPATH_SEARCH_PATHS = (
					"$(inherited)",
					"@executable_path/Frameworks",
					"@executable_path/../../Frameworks",
				);
				MARKETING_VERSION = 1.0;
				PRODUCT_BUNDLE_IDENTIFIER = "com.konrad.cureau.Project19-JavaScript-Injection.Extension";
				PRODUCT_NAME = "$(TARGET_NAME)";
				SKIP_INSTALL = YES;
				SWIFT_EMIT_LOC_STRINGS = YES;
				SWIFT_VERSION = 5.0;
				TARGETED_DEVICE_FAMILY = "1,2";
			};
			name = Release;
		};
/* End XCBuildConfiguration section */

/* Begin XCConfigurationList section */
		714BFA532805C0A900DA1947 /* Build configuration list for PBXProject "Project19_JavaScript_Injection" */ = {
			isa = XCConfigurationList;
			buildConfigurations = (
				714BFA6A2805C0AB00DA1947 /* Debug */,
				714BFA6B2805C0AB00DA1947 /* Release */,
			);
			defaultConfigurationIsVisible = 0;
			defaultConfigurationName = Release;
		};
		714BFA6C2805C0AB00DA1947 /* Build configuration list for PBXNativeTarget "Project19_JavaScript_Injection" */ = {
			isa = XCConfigurationList;
			buildConfigurations = (
				714BFA6D2805C0AB00DA1947 /* Debug */,
				714BFA6E2805C0AB00DA1947 /* Release */,
			);
			defaultConfigurationIsVisible = 0;
			defaultConfigurationName = Release;
		};
		714BFA832805C24400DA1947 /* Build configuration list for PBXNativeTarget "Extension" */ = {
			isa = XCConfigurationList;
			buildConfigurations = (
				714BFA842805C24400DA1947 /* Debug */,
				714BFA852805C24400DA1947 /* Release */,
			);
			defaultConfigurationIsVisible = 0;
			defaultConfigurationName = Release;
		};
/* End XCConfigurationList section */
	};
	rootObject = 714BFA502805C0A900DA1947 /* Project object */;
}
