// !$*UTF8*$!
{
	archiveVersion = 1;
	classes = {
	};
	objectVersion = 55;
	objects = {

/* Begin PBXBuildFile section */
		714BFA9628061FC200DA1947 /* AppDelegate.swift in Sources */ = {isa = PBXBuildFile; fileRef = 714BFA9528061FC200DA1947 /* AppDelegate.swift */; };
		714BFA9828061FC200DA1947 /* GameScene.sks in Resources */ = {isa = PBXBuildFile; fileRef = 714BFA9728061FC200DA1947 /* GameScene.sks */; };
		714BFA9C28061FC200DA1947 /* GameScene.swift in Sources */ = {isa = PBXBuildFile; fileRef = 714BFA9B28061FC200DA1947 /* GameScene.swift */; };
		714BFA9E28061FC200DA1947 /* GameViewController.swift in Sources */ = {isa = PBXBuildFile; fileRef = 714BFA9D28061FC200DA1947 /* GameViewController.swift */; };
		714BFAA128061FC200DA1947 /* Main.storyboard in Resources */ = {isa = PBXBuildFile; fileRef = 714BFA9F28061FC200DA1947 /* Main.storyboard */; };
		714BFAA328061FC500DA1947 /* Assets.xcassets in Resources */ = {isa = PBXBuildFile; fileRef = 714BFAA228061FC500DA1947 /* Assets.xcassets */; };
		714BFAA628061FC500DA1947 /* LaunchScreen.storyboard in Resources */ = {isa = PBXBuildFile; fileRef = 714BFAA428061FC500DA1947 /* LaunchScreen.storyboard */; };
		714BFAAE28061FF600DA1947 /* explode.sks in Resources */ = {isa = PBXBuildFile; fileRef = 714BFAAC28061FF600DA1947 /* explode.sks */; };
		714BFAAF28061FF600DA1947 /* fuse.sks in Resources */ = {isa = PBXBuildFile; fileRef = 714BFAAD28061FF600DA1947 /* fuse.sks */; };
/* End PBXBuildFile section */

/* Begin PBXFileReference section */
		714BFA9228061FC200DA1947 /* Project20_FireworksNight.app */ = {isa = PBXFileReference; explicitFileType = wrapper.application; includeInIndex = 0; path = Project20_FireworksNight.app; sourceTree = BUILT_PRODUCTS_DIR; };
		714BFA9528061FC200DA1947 /* AppDelegate.swift */ = {isa = PBXFileReference; lastKnownFileType = sourcecode.swift; path = AppDelegate.swift; sourceTree = "<group>"; };
		714BFA9728061FC200DA1947 /* GameScene.sks */ = {isa = PBXFileReference; lastKnownFileType = file.sks; path = GameScene.sks; sourceTree = "<group>"; };
		714BFA9B28061FC200DA1947 /* GameScene.swift */ = {isa = PBXFileReference; lastKnownFileType = sourcecode.swift; path = GameScene.swift; sourceTree = "<group>"; };
		714BFA9D28061FC200DA1947 /* GameViewController.swift */ = {isa = PBXFileReference; lastKnownFileType = sourcecode.swift; path = GameViewController.swift; sourceTree = "<group>"; };
		714BFAA028061FC200DA1947 /* Base */ = {isa = PBXFileReference; lastKnownFileType = file.storyboard; name = Base; path = Base.lproj/Main.storyboard; sourceTree = "<group>"; };
		714BFAA228061FC500DA1947 /* Assets.xcassets */ = {isa = PBXFileReference; lastKnownFileType = folder.assetcatalog; path = Assets.xcassets; sourceTree = "<group>"; };
		714BFAA528061FC500DA1947 /* Base */ = {isa = PBXFileReference; lastKnownFileType = file.storyboard; name = Base; path = Base.lproj/LaunchScreen.storyboard; sourceTree = "<group>"; };
		714BFAAC28061FF600DA1947 /* explode.sks */ = {isa = PBXFileReference; lastKnownFileType = file.sks; path = explode.sks; sourceTree = "<group>"; };
		714BFAAD28061FF600DA1947 /* fuse.sks */ = {isa = PBXFileReference; lastKnownFileType = file.sks; path = fuse.sks; sourceTree = "<group>"; };
/* End PBXFileReference section */

/* Begin PBXFrameworksBuildPhase section */
		714BFA8F28061FC200DA1947 /* Frameworks */ = {
			isa = PBXFrameworksBuildPhase;
			buildActionMask = 2147483647;
			files = (
			);
			runOnlyForDeploymentPostprocessing = 0;
		};
/* End PBXFrameworksBuildPhase section */

/* Begin PBXGroup section */
		714BFA8928061FC200DA1947 = {
			isa = PBXGroup;
			children = (
				714BFA9428061FC200DA1947 /* Project20_FireworksNight */,
				714BFA9328061FC200DA1947 /* Products */,
			);
			sourceTree = "<group>";
		};
		714BFA9328061FC200DA1947 /* Products */ = {
			isa = PBXGroup;
			children = (
				714BFA9228061FC200DA1947 /* Project20_FireworksNight.app */,
			);
			name = Products;
			sourceTree = "<group>";
		};
		714BFA9428061FC200DA1947 /* Project20_FireworksNight */ = {
			isa = PBXGroup;
			children = (
				714BFA9528061FC200DA1947 /* AppDelegate.swift */,
				714BFA9728061FC200DA1947 /* GameScene.sks */,
				714BFA9B28061FC200DA1947 /* GameScene.swift */,
				714BFA9D28061FC200DA1947 /* GameViewController.swift */,
				714BFA9F28061FC200DA1947 /* Main.storyboard */,
				714BFAA228061FC500DA1947 /* Assets.xcassets */,
				714BFAA428061FC500DA1947 /* LaunchScreen.storyboard */,
				714BFAAC28061FF600DA1947 /* explode.sks */,
				714BFAAD28061FF600DA1947 /* fuse.sks */,
			);
			path = Project20_FireworksNight;
			sourceTree = "<group>";
		};
/* End PBXGroup section */

/* Begin PBXNativeTarget section */
		714BFA9128061FC200DA1947 /* Project20_FireworksNight */ = {
			isa = PBXNativeTarget;
			buildConfigurationList = 714BFAA928061FC500DA1947 /* Build configuration list for PBXNativeTarget "Project20_FireworksNight" */;
			buildPhases = (
				714BFA8E28061FC200DA1947 /* Sources */,
				714BFA8F28061FC200DA1947 /* Frameworks */,
				714BFA9028061FC200DA1947 /* Resources */,
			);
			buildRules = (
			);
			dependencies = (
			);
			name = Project20_FireworksNight;
			productName = Project20_FireworksNight;
			productReference = 714BFA9228061FC200DA1947 /* Project20_FireworksNight.app */;
			productType = "com.apple.product-type.application";
		};
/* End PBXNativeTarget section */

/* Begin PBXProject section */
		714BFA8A28061FC200DA1947 /* Project object */ = {
			isa = PBXProject;
			attributes = {
				BuildIndependentTargetsInParallel = 1;
				LastSwiftUpdateCheck = 1330;
				LastUpgradeCheck = 1330;
				TargetAttributes = {
					714BFA9128061FC200DA1947 = {
						CreatedOnToolsVersion = 13.3;
					};
				};
			};
			buildConfigurationList = 714BFA8D28061FC200DA1947 /* Build configuration list for PBXProject "Project20_FireworksNight" */;
			compatibilityVersion = "Xcode 13.0";
			developmentRegion = en;
			hasScannedForEncodings = 0;
			knownRegions = (
				en,
				Base,
			);
			mainGroup = 714BFA8928061FC200DA1947;
			productRefGroup = 714BFA9328061FC200DA1947 /* Products */;
			projectDirPath = "";
			projectRoot = "";
			targets = (
				714BFA9128061FC200DA1947 /* Project20_FireworksNight */,
			);
		};
/* End PBXProject section */

/* Begin PBXResourcesBuildPhase section */
		714BFA9028061FC200DA1947 /* Resources */ = {
			isa = PBXResourcesBuildPhase;
			buildActionMask = 2147483647;
			files = (
				714BFAA128061FC200DA1947 /* Main.storyboard in Resources */,
				714BFA9828061FC200DA1947 /* GameScene.sks in Resources */,
				714BFAA328061FC500DA1947 /* Assets.xcassets in Resources */,
				714BFAA628061FC500DA1947 /* LaunchScreen.storyboard in Resources */,
				714BFAAF28061FF600DA1947 /* fuse.sks in Resources */,
				714BFAAE28061FF600DA1947 /* explode.sks in Resources */,
			);
			runOnlyForDeploymentPostprocessing = 0;
		};
/* End PBXResourcesBuildPhase section */

/* Begin PBXSourcesBuildPhase section */
		714BFA8E28061FC200DA1947 /* Sources */ = {
			isa = PBXSourcesBuildPhase;
			buildActionMask = 2147483647;
			files = (
				714BFA9C28061FC200DA1947 /* GameScene.swift in Sources */,
				714BFA9E28061FC200DA1947 /* GameViewController.swift in Sources */,
				714BFA9628061FC200DA1947 /* AppDelegate.swift in Sources */,
			);
			runOnlyForDeploymentPostprocessing = 0;
		};
/* End PBXSourcesBuildPhase section */

/* Begin PBXVariantGroup section */
		714BFA9F28061FC200DA1947 /* Main.storyboard */ = {
			isa = PBXVariantGroup;
			children = (
				714BFAA028061FC200DA1947 /* Base */,
			);
			name = Main.storyboard;
			sourceTree = "<group>";
		};
		714BFAA428061FC500DA1947 /* LaunchScreen.storyboard */ = {
			isa = PBXVariantGroup;
			children = (
				714BFAA528061FC500DA1947 /* Base */,
			);
			name = LaunchScreen.storyboard;
			sourceTree = "<group>";
		};
/* End PBXVariantGroup section */

/* Begin XCBuildConfiguration section */
		714BFAA728061FC500DA1947 /* Debug */ = {
			isa = XCBuildConfiguration;
			buildSettings = {
				ALWAYS_SEARCH_USER_PATHS = NO;
				CLANG_ANALYZER_NONNULL = YES;
				CLANG_ANALYZER_NUMBER_OBJECT_CONVERSION = YES_AGGRESSIVE;
				CLANG_CXX_LANGUAGE_STANDARD = "gnu++17";
				CLANG_ENABLE_MODULES = YES;
				CLANG_ENABLE_OBJC_ARC = YES;
				CLANG_ENABLE_OBJC_WEAK = YES;
				CLANG_WARN_BLOCK_CAPTURE_AUTORELEASING = YES;
				CLANG_WARN_BOOL_CONVERSION = YES;
				CLANG_WARN_COMMA = YES;
				CLANG_WARN_CONSTANT_CONVERSION = YES;
				CLANG_WARN_DEPRECATED_OBJC_IMPLEMENTATIONS = YES;
				CLANG_WARN_DIRECT_OBJC_ISA_USAGE = YES_ERROR;
				CLANG_WARN_DOCUMENTATION_COMMENTS = YES;
				CLANG_WARN_EMPTY_BODY = YES;
				CLANG_WARN_ENUM_CONVERSION = YES;
				CLANG_WARN_INFINITE_RECURSION = YES;
				CLANG_WARN_INT_CONVERSION = YES;
				CLANG_WARN_NON_LITERAL_NULL_CONVERSION = YES;
				CLANG_WARN_OBJC_IMPLICIT_RETAIN_SELF = YES;
				CLANG_WARN_OBJC_LITERAL_CONVERSION = YES;
				CLANG_WARN_OBJC_ROOT_CLASS = YES_ERROR;
				CLANG_WARN_QUOTED_INCLUDE_IN_FRAMEWORK_HEADER = YES;
				CLANG_WARN_RANGE_LOOP_ANALYSIS = YES;
				CLANG_WARN_STRICT_PROTOTYPES = YES;
				CLANG_WARN_SUSPICIOUS_MOVE = YES;
				CLANG_WARN_UNGUARDED_AVAILABILITY = YES_AGGRESSIVE;
				CLANG_WARN_UNREACHABLE_CODE = YES;
				CLANG_WARN__DUPLICATE_METHOD_MATCH = YES;
				COPY_PHASE_STRIP = NO;
				DEBUG_INFORMATION_FORMAT = dwarf;
				ENABLE_STRICT_OBJC_MSGSEND = YES;
				ENABLE_TESTABILITY = YES;
				GCC_C_LANGUAGE_STANDARD = gnu11;
				GCC_DYNAMIC_NO_PIC = NO;
				GCC_NO_COMMON_BLOCKS = YES;
				GCC_OPTIMIZATION_LEVEL = 0;
				GCC_PREPROCESSOR_DEFINITIONS = (
					"DEBUG=1",
					"$(inherited)",
				);
				GCC_WARN_64_TO_32_BIT_CONVERSION = YES;
				GCC_WARN_ABOUT_RETURN_TYPE = YES_ERROR;
				GCC_WARN_UNDECLARED_SELECTOR = YES;
				GCC_WARN_UNINITIALIZED_AUTOS = YES_AGGRESSIVE;
				GCC_WARN_UNUSED_FUNCTION = YES;
				GCC_WARN_UNUSED_VARIABLE = YES;
				IPHONEOS_DEPLOYMENT_TARGET = 15.4;
				MTL_ENABLE_DEBUG_INFO = INCLUDE_SOURCE;
				MTL_FAST_MATH = YES;
				ONLY_ACTIVE_ARCH = YES;
				SDKROOT = iphoneos;
				SWIFT_ACTIVE_COMPILATION_CONDITIONS = DEBUG;
				SWIFT_OPTIMIZATION_LEVEL = "-Onone";
			};
			name = Debug;
		};
		714BFAA828061FC500DA1947 /* Release */ = {
			isa = XCBuildConfiguration;
			buildSettings = {
				ALWAYS_SEARCH_USER_PATHS = NO;
				CLANG_ANALYZER_NONNULL = YES;
				CLANG_ANALYZER_NUMBER_OBJECT_CONVERSION = YES_AGGRESSIVE;
				CLANG_CXX_LANGUAGE_STANDARD = "gnu++17";
				CLANG_ENABLE_MODULES = YES;
				CLANG_ENABLE_OBJC_ARC = YES;
				CLANG_ENABLE_OBJC_WEAK = YES;
				CLANG_WARN_BLOCK_CAPTURE_AUTORELEASING = YES;
				CLANG_WARN_BOOL_CONVERSION = YES;
				CLANG_WARN_COMMA = YES;
				CLANG_WARN_CONSTANT_CONVERSION = YES;
				CLANG_WARN_DEPRECATED_OBJC_IMPLEMENTATIONS = YES;
				CLANG_WARN_DIRECT_OBJC_ISA_USAGE = YES_ERROR;
				CLANG_WARN_DOCUMENTATION_COMMENTS = YES;
				CLANG_WARN_EMPTY_BODY = YES;
				CLANG_WARN_ENUM_CONVERSION = YES;
				CLANG_WARN_INFINITE_RECURSION = YES;
				CLANG_WARN_INT_CONVERSION = YES;
				CLANG_WARN_NON_LITERAL_NULL_CONVERSION = YES;
				CLANG_WARN_OBJC_IMPLICIT_RETAIN_SELF = YES;
				CLANG_WARN_OBJC_LITERAL_CONVERSION = YES;
				CLANG_WARN_OBJC_ROOT_CLASS = YES_ERROR;
				CLANG_WARN_QUOTED_INCLUDE_IN_FRAMEWORK_HEADER = YES;
				CLANG_WARN_RANGE_LOOP_ANALYSIS = YES;
				CLANG_WARN_STRICT_PROTOTYPES = YES;
				CLANG_WARN_SUSPICIOUS_MOVE = YES;
				CLANG_WARN_UNGUARDED_AVAILABILITY = YES_AGGRESSIVE;
				CLANG_WARN_UNREACHABLE_CODE = YES;
				CLANG_WARN__DUPLICATE_METHOD_MATCH = YES;
				COPY_PHASE_STRIP = NO;
				DEBUG_INFORMATION_FORMAT = "dwarf-with-dsym";
				ENABLE_NS_ASSERTIONS = NO;
				ENABLE_STRICT_OBJC_MSGSEND = YES;
				GCC_C_LANGUAGE_STANDARD = gnu11;
				GCC_NO_COMMON_BLOCKS = YES;
				GCC_WARN_64_TO_32_BIT_CONVERSION = YES;
				GCC_WARN_ABOUT_RETURN_TYPE = YES_ERROR;
				GCC_WARN_UNDECLARED_SELECTOR = YES;
				GCC_WARN_UNINITIALIZED_AUTOS = YES_AGGRESSIVE;
				GCC_WARN_UNUSED_FUNCTION = YES;
				GCC_WARN_UNUSED_VARIABLE = YES;
				IPHONEOS_DEPLOYMENT_TARGET = 15.4;
				MTL_ENABLE_DEBUG_INFO = NO;
				MTL_FAST_MATH = YES;
				SDKROOT = iphoneos;
				SWIFT_COMPILATION_MODE = wholemodule;
				SWIFT_OPTIMIZATION_LEVEL = "-O";
				VALIDATE_PRODUCT = YES;
			};
			name = Release;
		};
		714BFAAA28061FC500DA1947 /* Debug */ = {
			isa = XCBuildConfiguration;
			buildSettings = {
				ASSETCATALOG_COMPILER_APPICON_NAME = AppIcon;
				ASSETCATALOG_COMPILER_GLOBAL_ACCENT_COLOR_NAME = AccentColor;
				CODE_SIGN_STYLE = Automatic;
				CURRENT_PROJECT_VERSION = 1;
				DEVELOPMENT_TEAM = M6Z8JUW5F9;
				GENERATE_INFOPLIST_FILE = YES;
				INFOPLIST_KEY_UIApplicationSupportsIndirectInputEvents = YES;
				INFOPLIST_KEY_UILaunchStoryboardName = LaunchScreen;
				INFOPLIST_KEY_UIMainStoryboardFile = Main;
				INFOPLIST_KEY_UIRequiresFullScreen = YES;
				INFOPLIST_KEY_UIStatusBarHidden = YES;
				INFOPLIST_KEY_UISupportedInterfaceOrientations_iPad = "UIInterfaceOrientationLandscapeLeft UIInterfaceOrientationLandscapeRight";
				INFOPLIST_KEY_UISupportedInterfaceOrientations_iPhone = "UIInterfaceOrientationPortrait UIInterfaceOrientationLandscapeLeft UIInterfaceOrientationLandscapeRight";
				LD_RUNPATH_SEARCH_PATHS = (
					"$(inherited)",
					"@executable_path/Frameworks",
				);
				MARKETING_VERSION = 1.0;
				PRODUCT_BUNDLE_IDENTIFIER = "com.konrad.cureau.Project20-FireworksNight";
				PRODUCT_NAME = "$(TARGET_NAME)";
				SWIFT_EMIT_LOC_STRINGS = YES;
				SWIFT_VERSION = 5.0;
				TARGETED_DEVICE_FAMILY = 2;
			};
			name = Debug;
		};
		714BFAAB28061FC500DA1947 /* Release */ = {
			isa = XCBuildConfiguration;
			buildSettings = {
				ASSETCATALOG_COMPILER_APPICON_NAME = AppIcon;
				ASSETCATALOG_COMPILER_GLOBAL_ACCENT_COLOR_NAME = AccentColor;
				CODE_SIGN_STYLE = Automatic;
				CURRENT_PROJECT_VERSION = 1;
				DEVELOPMENT_TEAM = M6Z8JUW5F9;
				GENERATE_INFOPLIST_FILE = YES;
				INFOPLIST_KEY_UIApplicationSupportsIndirectInputEvents = YES;
				INFOPLIST_KEY_UILaunchStoryboardName = LaunchScreen;
				INFOPLIST_KEY_UIMainStoryboardFile = Main;
				INFOPLIST_KEY_UIRequiresFullScreen = YES;
				INFOPLIST_KEY_UIStatusBarHidden = YES;
				INFOPLIST_KEY_UISupportedInterfaceOrientations_iPad = "UIInterfaceOrientationLandscapeLeft UIInterfaceOrientationLandscapeRight";
				INFOPLIST_KEY_UISupportedInterfaceOrientations_iPhone = "UIInterfaceOrientationPortrait UIInterfaceOrientationLandscapeLeft UIInterfaceOrientationLandscapeRight";
				LD_RUNPATH_SEARCH_PATHS = (
					"$(inherited)",
					"@executable_path/Frameworks",
				);
				MARKETING_VERSION = 1.0;
				PRODUCT_BUNDLE_IDENTIFIER = "com.konrad.cureau.Project20-FireworksNight";
				PRODUCT_NAME = "$(TARGET_NAME)";
				SWIFT_EMIT_LOC_STRINGS = YES;
				SWIFT_VERSION = 5.0;
				TARGETED_DEVICE_FAMILY = 2;
			};
			name = Release;
		};
/* End XCBuildConfiguration section */

/* Begin XCConfigurationList section */
		714BFA8D28061FC200DA1947 /* Build configuration list for PBXProject "Project20_FireworksNight" */ = {
			isa = XCConfigurationList;
			buildConfigurations = (
				714BFAA728061FC500DA1947 /* Debug */,
				714BFAA828061FC500DA1947 /* Release */,
			);
			defaultConfigurationIsVisible = 0;
			defaultConfigurationName = Release;
		};
		714BFAA928061FC500DA1947 /* Build configuration list for PBXNativeTarget "Project20_FireworksNight" */ = {
			isa = XCConfigurationList;
			buildConfigurations = (
				714BFAAA28061FC500DA1947 /* Debug */,
				714BFAAB28061FC500DA1947 /* Release */,
			);
			defaultConfigurationIsVisible = 0;
			defaultConfigurationName = Release;
		};
/* End XCConfigurationList section */
	};
	rootObject = 714BFA8A28061FC200DA1947 /* Project object */;
}
